
Microsoft Visual Studio Solution File, Format Version 12.00
# Visual Studio 15
VisualStudioVersion = 15.0.27004.2009
MinimumVisualStudioVersion = 10.0.40219.1
Project("{888888A0-9F3D-457C-B088-3A5042F75D52}") = "Day01", "Day01\Day01.pyproj", "{E808B650-8EBC-4232-9E74-89AC08AAD968}"
EndProject
Project("{888888A0-9F3D-457C-B088-3A5042F75D52}") = "Day02", "Day02\Day02.pyproj", "{642F55DF-4746-435E-A293-35E33054E8EF}"
EndProject
Project("{888888A0-9F3D-457C-B088-3A5042F75D52}") = "Day03", "Day03\Day03.pyproj", "{A9944D5A-E93A-44CB-A926-2AB5000C489F}"
EndProject
Project("{888888A0-9F3D-457C-B088-3A5042F75D52}") = "Day04", "Day04\Day04.pyproj", "{290D8654-5B7F-44CF-A1D1-555DA863B03E}"
EndProject
Project("{888888A0-9F3D-457C-B088-3A5042F75D52}") = "Day05", "Day05\Day05.pyproj", "{551C9F38-447E-4FFC-903E-1440835EA012}"
EndProject
Project("{888888A0-9F3D-457C-B088-3A5042F75D52}") = "Day07", "Day07\Day07.pyproj", "{6B26FC04-0D05-43ED-871E-4FA82F074B13}"
EndProject
Project("{888888A0-9F3D-457C-B088-3A5042F75D52}") = "Day08", "Day08\Day08.pyproj", "{C2FD8389-787F-4242-A9E3-5B4C276EF8E8}"
EndProject
Global
	GlobalSection(SolutionConfigurationPlatforms) = preSolution
		Debug|Any CPU = Debug|Any CPU
		Release|Any CPU = Release|Any CPU
	EndGlobalSection
	GlobalSection(ProjectConfigurationPlatforms) = postSolution
		{E808B650-8EBC-4232-9E74-89AC08AAD968}.Debug|Any CPU.ActiveCfg = Debug|Any CPU
		{E808B650-8EBC-4232-9E74-89AC08AAD968}.Release|Any CPU.ActiveCfg = Release|Any CPU
		{642F55DF-4746-435E-A293-35E33054E8EF}.Debug|Any CPU.ActiveCfg = Debug|Any CPU
		{642F55DF-4746-435E-A293-35E33054E8EF}.Release|Any CPU.ActiveCfg = Release|Any CPU
		{A9944D5A-E93A-44CB-A926-2AB5000C489F}.Debug|Any CPU.ActiveCfg = Debug|Any CPU
		{A9944D5A-E93A-44CB-A926-2AB5000C489F}.Release|Any CPU.ActiveCfg = Release|Any CPU
		{290D8654-5B7F-44CF-A1D1-555DA863B03E}.Debug|Any CPU.ActiveCfg = Debug|Any CPU
		{290D8654-5B7F-44CF-A1D1-555DA863B03E}.Release|Any CPU.ActiveCfg = Release|Any CPU
		{551C9F38-447E-4FFC-903E-1440835EA012}.Debug|Any CPU.ActiveCfg = Debug|Any CPU
		{551C9F38-447E-4FFC-903E-1440835EA012}.Release|Any CPU.ActiveCfg = Release|Any CPU
		{6B26FC04-0D05-43ED-871E-4FA82F074B13}.Debug|Any CPU.ActiveCfg = Debug|Any CPU
		{6B26FC04-0D05-43ED-871E-4FA82F074B13}.Release|Any CPU.ActiveCfg = Release|Any CPU
		{C2FD8389-787F-4242-A9E3-5B4C276EF8E8}.Debug|Any CPU.ActiveCfg = Debug|Any CPU
		{C2FD8389-787F-4242-A9E3-5B4C276EF8E8}.Release|Any CPU.ActiveCfg = Release|Any CPU
	EndGlobalSection
	GlobalSection(SolutionProperties) = preSolution
		HideSolutionNode = FALSE
	EndGlobalSection
	GlobalSection(ExtensibilityGlobals) = postSolution
		SolutionGuid = {4C902B18-8950-40D4-9352-E9B30DF394C6}
	EndGlobalSection
EndGlobal
